
Microsoft Visual Studio Solution File, Format Version 12.00
# Visual Studio Version 16
VisualStudioVersion = 16.0.31402.337
MinimumVisualStudioVersion = 10.0.40219.1
Project("{2150E333-8FDC-42A3-9474-1A3956D46DE8}") = "Modules", "Modules", "{5316759A-7D39-4BCB-9B31-6269B6F029A3}"
EndProject
Project("{2150E333-8FDC-42A3-9474-1A3956D46DE8}") = "Core", "Core", "{857A4C08-F106-4463-B59F-E39768A60B30}"
EndProject
Project("{2150E333-8FDC-42A3-9474-1A3956D46DE8}") = "Tools", "Tools", "{854D9EF2-1B93-4DE4-9368-CCB4FE907370}"
EndProject
Project("{FAE04EC0-301F-11D3-BF4B-00C04F79EFBC}") = "NeoErp.Web", "NeoErp.Web\NeoErp.Web.csproj", "{C5103794-10BA-4FC0-B846-F42059DD6B86}"
EndProject
Project("{FAE04EC0-301F-11D3-BF4B-00C04F79EFBC}") = "NeoErp.Core", "Core\NeoErp.Core\NeoErp.Core.csproj", "{6BFC88EC-5629-4A97-AF8F-C68BCEBB7616}"
EndProject
Project("{FAE04EC0-301F-11D3-BF4B-00C04F79EFBC}") = "NeoErp.Core.Models", "Core\NeoErp.Core.Models\NeoErp.Core.Models.csproj", "{8835C729-A63F-4704-9B5A-A5EEA70AC84A}"
EndProject
Project("{FAE04EC0-301F-11D3-BF4B-00C04F79EFBC}") = "NeoErp.Data", "Core\NeoErp.Data\NeoErp.Data.csproj", "{F13C1744-F04A-430A-971D-8C7075C31505}"
EndProject
Project("{FAE04EC0-301F-11D3-BF4B-00C04F79EFBC}") = "HTMLReportEngine", "Tools\HTMLReportEngine\HTMLReportEngine.csproj", "{62B6C2C0-81D8-4C35-8677-D116EFD43508}"
EndProject
Project("{FAE04EC0-301F-11D3-BF4B-00C04F79EFBC}") = "WordAutomation", "Tools\WordAutomation\WordAutomation.csproj", "{32366E6B-0C96-478D-BDD1-9198590AE4AF}"
EndProject
Project("{2150E333-8FDC-42A3-9474-1A3956D46DE8}") = "Sales", "Sales", "{70B376FF-27E2-480C-92F5-5E4184116D5C}"
EndProject
Project("{FAE04EC0-301F-11D3-BF4B-00C04F79EFBC}") = "NeoErp.sales.Module", "NeoErp.Web\Areas\NeoErp.sales.Module\NeoErp.sales.Module.csproj", "{F8EDF604-F93F-45F9-A2F9-581909AB3BB0}"
EndProject
Project("{FAE04EC0-301F-11D3-BF4B-00C04F79EFBC}") = "NeoErp.Sales.Modules.Services", "NeoErp.Sales.Modules.Services\NeoErp.Sales.Modules.Services.csproj", "{E9753AA2-58E6-408C-BA36-0C8DE421E5AD}"
EndProject
Project("{2150E333-8FDC-42A3-9474-1A3956D46DE8}") = "Pos", "Pos", "{D1F4CBE3-5739-4063-9E30-8A16AA36D46F}"
EndProject
Project("{FAE04EC0-301F-11D3-BF4B-00C04F79EFBC}") = "NeoErp.Pos", "NeoErp.Web\Areas\NeoErp.Pos\NeoErp.Pos.csproj", "{68DD12C8-D343-4ABF-942C-A6D7502422EB}"
EndProject
Project("{2150E333-8FDC-42A3-9474-1A3956D46DE8}") = "distribution", "distribution", "{E5793B7F-D26A-48D3-A672-2509932C975A}"
EndProject
Project("{FAE04EC0-301F-11D3-BF4B-00C04F79EFBC}") = "NeoErp.Distribution.Service", "NeoErp.Distribution.Service\NeoErp.Distribution.Service.csproj", "{C8A55A03-5CE7-4BD7-A3AA-DD5B5029EB63}"
EndProject
Project("{FAE04EC0-301F-11D3-BF4B-00C04F79EFBC}") = "NeoErp.Distribution", "NeoErp.Web\Areas\NeoErp.Distribution\NeoErp.Distribution.csproj", "{BBAC2073-7AE7-4DDE-B35F-5A4C0AF47405}"
EndProject
Project("{2150E333-8FDC-42A3-9474-1A3956D46DE8}") = "Planning", "Planning", "{FD873F89-91CB-49F4-9AA0-FFEEB906B858}"
EndProject
Project("{FAE04EC0-301F-11D3-BF4B-00C04F79EFBC}") = "NeoERP.Planning", "NeoErp.Web\Areas\NeoERP.Planning\NeoERP.Planning.csproj", "{57B78EF3-D761-4D05-BE3D-8D039940CFED}"
EndProject
Project("{FAE04EC0-301F-11D3-BF4B-00C04F79EFBC}") = "NeoErp.Planning.Service", "Services\NeoErp.Planning.Service\NeoErp.Planning.Service.csproj", "{62B5DC43-F59A-46C8-B46F-578C4BA6261D}"
EndProject
Project("{2150E333-8FDC-42A3-9474-1A3956D46DE8}") = "LC", "LC", "{74576C77-003E-400C-AA66-6561C8D6F1C4}"
EndProject
Project("{FAE04EC0-301F-11D3-BF4B-00C04F79EFBC}") = "NeoErp.LOC.Services", "Services\NeoErp.LOC.Services\NeoErp.LOC.Services.csproj", "{C0A8CCF9-0CFD-4852-A75B-849BDA0EB327}"
EndProject
Project("{FAE04EC0-301F-11D3-BF4B-00C04F79EFBC}") = "NeoERP.LOC", "NeoErp.Web\Areas\NeoERP.LOC\NeoERP.LOC.csproj", "{F89B88DC-A6DC-49F0-8ECB-8D3B4C44841C}"
EndProject
Project("{FAE04EC0-301F-11D3-BF4B-00C04F79EFBC}") = "NeoErp.Pos.Services", "Services\NeoErp.Pos.Services\NeoErp.Pos.Services.csproj", "{E60FE477-CB94-4A31-BCFC-7F5D5408B97C}"
EndProject
Project("{2150E333-8FDC-42A3-9474-1A3956D46DE8}") = "DocumentManagement", "DocumentManagement", "{718B2119-5F60-4904-8BEC-0F82739093E6}"
EndProject
Project("{FAE04EC0-301F-11D3-BF4B-00C04F79EFBC}") = "NeoERP.DocumentTemplate", "NeoErp.Web\Areas\NeoERP.DocumentTemplate\NeoERP.DocumentTemplate.csproj", "{8232D1C9-767F-4100-9408-7A5A83644457}"
EndProject
Project("{FAE04EC0-301F-11D3-BF4B-00C04F79EFBC}") = "NeoERP.DocumentTemplate.Service", "Services\NeoERP.DocumentTemplate.Service\NeoERP.DocumentTemplate.Service.csproj", "{21407F30-63BF-4267-A6A4-0F32631B9671}"
EndProject
Project("{2150E333-8FDC-42A3-9474-1A3956D46DE8}") = "Transaction", "Transaction", "{1BBCF04D-C8FD-4D8A-B57A-EC85C824F146}"
EndProject
Project("{FAE04EC0-301F-11D3-BF4B-00C04F79EFBC}") = "NeoErp.Transaction", "NeoErp.Web\Areas\NeoErp.Transaction\NeoErp.Transaction.csproj", "{AA7EDBE2-52CC-4D91-A118-A8EEB8D4F38C}"
EndProject
Project("{FAE04EC0-301F-11D3-BF4B-00C04F79EFBC}") = "NeoErp.Transaction.Service", "Services\NeoErp.Transaction.Service\NeoErp.Transaction.Service.csproj", "{488A7482-EF10-48A2-B9C2-EE0D106F77C0}"
EndProject
Project("{9A19103F-16F7-4668-BE54-9A1E7A4F7556}") = "test", "test\test.csproj", "{2B67FB54-85E1-40E7-814D-F0528AB6F9B4}"
EndProject
Project("{FAE04EC0-301F-11D3-BF4B-00C04F79EFBC}") = "SystemDependance", "SystemDependance\SystemDependance.csproj", "{1D8A923A-EABC-47C2-9DF8-C10D0B99377E}"
EndProject
Project("{2150E333-8FDC-42A3-9474-1A3956D46DE8}") = "PosPrint", "PosPrint", "{8F1BEA0C-1C6A-4A69-94BA-4B75974667F9}"
EndProject
Project("{FAE04EC0-301F-11D3-BF4B-00C04F79EFBC}") = "POS.Print", "..\POS Print\POS.Print.csproj", "{BAFDA1C5-8749-4937-9FF3-F545DBCC611A}"
EndProject
Project("{2150E333-8FDC-42A3-9474-1A3956D46DE8}") = "ProjectManagement", "ProjectManagement", "{932AA648-32CF-4DFE-ADA1-A38EE13BBFC1}"
EndProject
Project("{FAE04EC0-301F-11D3-BF4B-00C04F79EFBC}") = "NeoERP.ProjectManagement", "NeoErp.Web\Areas\NeoERP.ProjectManagement\NeoERP.ProjectManagement.csproj", "{726D45ED-64AA-4551-AB80-71FDE32365B9}"
EndProject
Project("{FAE04EC0-301F-11D3-BF4B-00C04F79EFBC}") = "NeoERP.ProjectManagement.Service", "Services\NeoERP.ProjectManagement.Service\NeoERP.ProjectManagement.Service.csproj", "{6F39631F-A3BA-4301-9B5F-B3707B64A707}"
EndProject
Project("{2150E333-8FDC-42A3-9474-1A3956D46DE8}") = "QuotationManagement", "QuotationManagement", "{AFCB9948-2B99-4D8E-91B7-FCCB11F856AF}"
EndProject
Project("{FAE04EC0-301F-11D3-BF4B-00C04F79EFBC}") = "NeoERP.QuotationManagement", "NeoErp.Web\Areas\NeoERP.QuotationManagement\NeoERP.QuotationManagement.csproj", "{0FFFC17C-E287-41E3-B546-8821B113B359}"
EndProject
Project("{FAE04EC0-301F-11D3-BF4B-00C04F79EFBC}") = "NeoERP.QuotationManagement.Service", "Services\NeoERP.QuotationManagement.Service\NeoERP.QuotationManagement.Service.csproj", "{E5FA0EA0-866F-48CF-A28A-8D34F2D61946}"
EndProject
Global
	GlobalSection(SolutionConfigurationPlatforms) = preSolution
		Debug|Any CPU = Debug|Any CPU
		Debug|x64 = Debug|x64
		Debug|x86 = Debug|x86
		Release|Any CPU = Release|Any CPU
		Release|x64 = Release|x64
		Release|x86 = Release|x86
	EndGlobalSection
	GlobalSection(ProjectConfigurationPlatforms) = postSolution
		{C5103794-10BA-4FC0-B846-F42059DD6B86}.Debug|Any CPU.ActiveCfg = Debug|Any CPU
		{C5103794-10BA-4FC0-B846-F42059DD6B86}.Debug|Any CPU.Build.0 = Debug|Any CPU
		{C5103794-10BA-4FC0-B846-F42059DD6B86}.Debug|x64.ActiveCfg = Debug|x64
		{C5103794-10BA-4FC0-B846-F42059DD6B86}.Debug|x64.Build.0 = Debug|x64
		{C5103794-10BA-4FC0-B846-F42059DD6B86}.Debug|x86.ActiveCfg = Debug|x86
		{C5103794-10BA-4FC0-B846-F42059DD6B86}.Debug|x86.Build.0 = Debug|x86
		{C5103794-10BA-4FC0-B846-F42059DD6B86}.Release|Any CPU.ActiveCfg = Release|Any CPU
		{C5103794-10BA-4FC0-B846-F42059DD6B86}.Release|Any CPU.Build.0 = Release|Any CPU
		{C5103794-10BA-4FC0-B846-F42059DD6B86}.Release|x64.ActiveCfg = Release|x64
		{C5103794-10BA-4FC0-B846-F42059DD6B86}.Release|x64.Build.0 = Release|x64
		{C5103794-10BA-4FC0-B846-F42059DD6B86}.Release|x86.ActiveCfg = Release|x86
		{C5103794-10BA-4FC0-B846-F42059DD6B86}.Release|x86.Build.0 = Release|x86
		{6BFC88EC-5629-4A97-AF8F-C68BCEBB7616}.Debug|Any CPU.ActiveCfg = Debug|Any CPU
		{6BFC88EC-5629-4A97-AF8F-C68BCEBB7616}.Debug|Any CPU.Build.0 = Debug|Any CPU
		{6BFC88EC-5629-4A97-AF8F-C68BCEBB7616}.Debug|x64.ActiveCfg = Debug|x64
		{6BFC88EC-5629-4A97-AF8F-C68BCEBB7616}.Debug|x64.Build.0 = Debug|x64
		{6BFC88EC-5629-4A97-AF8F-C68BCEBB7616}.Debug|x86.ActiveCfg = Debug|x86
		{6BFC88EC-5629-4A97-AF8F-C68BCEBB7616}.Debug|x86.Build.0 = Debug|x86
		{6BFC88EC-5629-4A97-AF8F-C68BCEBB7616}.Release|Any CPU.ActiveCfg = Release|Any CPU
		{6BFC88EC-5629-4A97-AF8F-C68BCEBB7616}.Release|Any CPU.Build.0 = Release|Any CPU
		{6BFC88EC-5629-4A97-AF8F-C68BCEBB7616}.Release|x64.ActiveCfg = Release|x64
		{6BFC88EC-5629-4A97-AF8F-C68BCEBB7616}.Release|x64.Build.0 = Release|x64
		{6BFC88EC-5629-4A97-AF8F-C68BCEBB7616}.Release|x86.ActiveCfg = Release|x86
		{6BFC88EC-5629-4A97-AF8F-C68BCEBB7616}.Release|x86.Build.0 = Release|x86
		{8835C729-A63F-4704-9B5A-A5EEA70AC84A}.Debug|Any CPU.ActiveCfg = Debug|Any CPU
		{8835C729-A63F-4704-9B5A-A5EEA70AC84A}.Debug|Any CPU.Build.0 = Debug|Any CPU
		{8835C729-A63F-4704-9B5A-A5EEA70AC84A}.Debug|x64.ActiveCfg = Debug|x64
		{8835C729-A63F-4704-9B5A-A5EEA70AC84A}.Debug|x64.Build.0 = Debug|x64
		{8835C729-A63F-4704-9B5A-A5EEA70AC84A}.Debug|x86.ActiveCfg = Debug|x86
		{8835C729-A63F-4704-9B5A-A5EEA70AC84A}.Debug|x86.Build.0 = Debug|x86
		{8835C729-A63F-4704-9B5A-A5EEA70AC84A}.Release|Any CPU.ActiveCfg = Release|Any CPU
		{8835C729-A63F-4704-9B5A-A5EEA70AC84A}.Release|Any CPU.Build.0 = Release|Any CPU
		{8835C729-A63F-4704-9B5A-A5EEA70AC84A}.Release|x64.ActiveCfg = Release|x64
		{8835C729-A63F-4704-9B5A-A5EEA70AC84A}.Release|x64.Build.0 = Release|x64
		{8835C729-A63F-4704-9B5A-A5EEA70AC84A}.Release|x86.ActiveCfg = Release|x86
		{8835C729-A63F-4704-9B5A-A5EEA70AC84A}.Release|x86.Build.0 = Release|x86
		{F13C1744-F04A-430A-971D-8C7075C31505}.Debug|Any CPU.ActiveCfg = Debug|Any CPU
		{F13C1744-F04A-430A-971D-8C7075C31505}.Debug|Any CPU.Build.0 = Debug|Any CPU
		{F13C1744-F04A-430A-971D-8C7075C31505}.Debug|x64.ActiveCfg = Debug|x64
		{F13C1744-F04A-430A-971D-8C7075C31505}.Debug|x64.Build.0 = Debug|x64
		{F13C1744-F04A-430A-971D-8C7075C31505}.Debug|x86.ActiveCfg = Debug|x86
		{F13C1744-F04A-430A-971D-8C7075C31505}.Debug|x86.Build.0 = Debug|x86
		{F13C1744-F04A-430A-971D-8C7075C31505}.Release|Any CPU.ActiveCfg = Release|Any CPU
		{F13C1744-F04A-430A-971D-8C7075C31505}.Release|Any CPU.Build.0 = Release|Any CPU
		{F13C1744-F04A-430A-971D-8C7075C31505}.Release|x64.ActiveCfg = Release|x64
		{F13C1744-F04A-430A-971D-8C7075C31505}.Release|x64.Build.0 = Release|x64
		{F13C1744-F04A-430A-971D-8C7075C31505}.Release|x86.ActiveCfg = Release|x86
		{F13C1744-F04A-430A-971D-8C7075C31505}.Release|x86.Build.0 = Release|x86
		{62B6C2C0-81D8-4C35-8677-D116EFD43508}.Debug|Any CPU.ActiveCfg = Debug|Any CPU
		{62B6C2C0-81D8-4C35-8677-D116EFD43508}.Debug|Any CPU.Build.0 = Debug|Any CPU
		{62B6C2C0-81D8-4C35-8677-D116EFD43508}.Debug|x64.ActiveCfg = Debug|Any CPU
		{62B6C2C0-81D8-4C35-8677-D116EFD43508}.Debug|x86.ActiveCfg = Debug|Any CPU
		{62B6C2C0-81D8-4C35-8677-D116EFD43508}.Release|Any CPU.ActiveCfg = Release|Any CPU
		{62B6C2C0-81D8-4C35-8677-D116EFD43508}.Release|Any CPU.Build.0 = Release|Any CPU
		{62B6C2C0-81D8-4C35-8677-D116EFD43508}.Release|x64.ActiveCfg = Release|Any CPU
		{62B6C2C0-81D8-4C35-8677-D116EFD43508}.Release|x86.ActiveCfg = Release|Any CPU
		{32366E6B-0C96-478D-BDD1-9198590AE4AF}.Debug|Any CPU.ActiveCfg = Debug|Any CPU
		{32366E6B-0C96-478D-BDD1-9198590AE4AF}.Debug|Any CPU.Build.0 = Debug|Any CPU
		{32366E6B-0C96-478D-BDD1-9198590AE4AF}.Debug|x64.ActiveCfg = Debug|Any CPU
		{32366E6B-0C96-478D-BDD1-9198590AE4AF}.Debug|x86.ActiveCfg = Debug|Any CPU
		{32366E6B-0C96-478D-BDD1-9198590AE4AF}.Release|Any CPU.ActiveCfg = Release|Any CPU
		{32366E6B-0C96-478D-BDD1-9198590AE4AF}.Release|Any CPU.Build.0 = Release|Any CPU
		{32366E6B-0C96-478D-BDD1-9198590AE4AF}.Release|x64.ActiveCfg = Release|Any CPU
		{32366E6B-0C96-478D-BDD1-9198590AE4AF}.Release|x86.ActiveCfg = Release|Any CPU
		{F8EDF604-F93F-45F9-A2F9-581909AB3BB0}.Debug|Any CPU.ActiveCfg = Debug|Any CPU
		{F8EDF604-F93F-45F9-A2F9-581909AB3BB0}.Debug|Any CPU.Build.0 = Debug|Any CPU
		{F8EDF604-F93F-45F9-A2F9-581909AB3BB0}.Debug|x64.ActiveCfg = Debug|x64
		{F8EDF604-F93F-45F9-A2F9-581909AB3BB0}.Debug|x64.Build.0 = Debug|x64
		{F8EDF604-F93F-45F9-A2F9-581909AB3BB0}.Debug|x86.ActiveCfg = Debug|x86
		{F8EDF604-F93F-45F9-A2F9-581909AB3BB0}.Debug|x86.Build.0 = Debug|x86
		{F8EDF604-F93F-45F9-A2F9-581909AB3BB0}.Release|Any CPU.ActiveCfg = Release|Any CPU
		{F8EDF604-F93F-45F9-A2F9-581909AB3BB0}.Release|Any CPU.Build.0 = Release|Any CPU
		{F8EDF604-F93F-45F9-A2F9-581909AB3BB0}.Release|x64.ActiveCfg = Release|x64
		{F8EDF604-F93F-45F9-A2F9-581909AB3BB0}.Release|x64.Build.0 = Release|x64
		{F8EDF604-F93F-45F9-A2F9-581909AB3BB0}.Release|x86.ActiveCfg = Release|x86
		{F8EDF604-F93F-45F9-A2F9-581909AB3BB0}.Release|x86.Build.0 = Release|x86
		{E9753AA2-58E6-408C-BA36-0C8DE421E5AD}.Debug|Any CPU.ActiveCfg = Debug|Any CPU
		{E9753AA2-58E6-408C-BA36-0C8DE421E5AD}.Debug|Any CPU.Build.0 = Debug|Any CPU
		{E9753AA2-58E6-408C-BA36-0C8DE421E5AD}.Debug|x64.ActiveCfg = Debug|x64
		{E9753AA2-58E6-408C-BA36-0C8DE421E5AD}.Debug|x64.Build.0 = Debug|x64
		{E9753AA2-58E6-408C-BA36-0C8DE421E5AD}.Debug|x86.ActiveCfg = Debug|x86
		{E9753AA2-58E6-408C-BA36-0C8DE421E5AD}.Debug|x86.Build.0 = Debug|x86
		{E9753AA2-58E6-408C-BA36-0C8DE421E5AD}.Release|Any CPU.ActiveCfg = Release|Any CPU
		{E9753AA2-58E6-408C-BA36-0C8DE421E5AD}.Release|Any CPU.Build.0 = Release|Any CPU
		{E9753AA2-58E6-408C-BA36-0C8DE421E5AD}.Release|x64.ActiveCfg = Release|x64
		{E9753AA2-58E6-408C-BA36-0C8DE421E5AD}.Release|x64.Build.0 = Release|x64
		{E9753AA2-58E6-408C-BA36-0C8DE421E5AD}.Release|x86.ActiveCfg = Release|x86
		{E9753AA2-58E6-408C-BA36-0C8DE421E5AD}.Release|x86.Build.0 = Release|x86
		{68DD12C8-D343-4ABF-942C-A6D7502422EB}.Debug|Any CPU.ActiveCfg = Debug|Any CPU
		{68DD12C8-D343-4ABF-942C-A6D7502422EB}.Debug|Any CPU.Build.0 = Debug|Any CPU
		{68DD12C8-D343-4ABF-942C-A6D7502422EB}.Debug|x64.ActiveCfg = Debug|x64
		{68DD12C8-D343-4ABF-942C-A6D7502422EB}.Debug|x64.Build.0 = Debug|x64
		{68DD12C8-D343-4ABF-942C-A6D7502422EB}.Debug|x86.ActiveCfg = Debug|x86
		{68DD12C8-D343-4ABF-942C-A6D7502422EB}.Debug|x86.Build.0 = Debug|x86
		{68DD12C8-D343-4ABF-942C-A6D7502422EB}.Release|Any CPU.ActiveCfg = Release|Any CPU
		{68DD12C8-D343-4ABF-942C-A6D7502422EB}.Release|Any CPU.Build.0 = Release|Any CPU
		{68DD12C8-D343-4ABF-942C-A6D7502422EB}.Release|x64.ActiveCfg = Release|x64
		{68DD12C8-D343-4ABF-942C-A6D7502422EB}.Release|x64.Build.0 = Release|x64
		{68DD12C8-D343-4ABF-942C-A6D7502422EB}.Release|x86.ActiveCfg = Release|x86
		{68DD12C8-D343-4ABF-942C-A6D7502422EB}.Release|x86.Build.0 = Release|x86
		{C8A55A03-5CE7-4BD7-A3AA-DD5B5029EB63}.Debug|Any CPU.ActiveCfg = Debug|Any CPU
		{C8A55A03-5CE7-4BD7-A3AA-DD5B5029EB63}.Debug|Any CPU.Build.0 = Debug|Any CPU
		{C8A55A03-5CE7-4BD7-A3AA-DD5B5029EB63}.Debug|x64.ActiveCfg = Debug|x64
		{C8A55A03-5CE7-4BD7-A3AA-DD5B5029EB63}.Debug|x64.Build.0 = Debug|x64
		{C8A55A03-5CE7-4BD7-A3AA-DD5B5029EB63}.Debug|x86.ActiveCfg = Debug|x86
		{C8A55A03-5CE7-4BD7-A3AA-DD5B5029EB63}.Debug|x86.Build.0 = Debug|x86
		{C8A55A03-5CE7-4BD7-A3AA-DD5B5029EB63}.Release|Any CPU.ActiveCfg = Release|Any CPU
		{C8A55A03-5CE7-4BD7-A3AA-DD5B5029EB63}.Release|Any CPU.Build.0 = Release|Any CPU
		{C8A55A03-5CE7-4BD7-A3AA-DD5B5029EB63}.Release|x64.ActiveCfg = Release|x64
		{C8A55A03-5CE7-4BD7-A3AA-DD5B5029EB63}.Release|x64.Build.0 = Release|x64
		{C8A55A03-5CE7-4BD7-A3AA-DD5B5029EB63}.Release|x86.ActiveCfg = Release|x86
		{C8A55A03-5CE7-4BD7-A3AA-DD5B5029EB63}.Release|x86.Build.0 = Release|x86
		{BBAC2073-7AE7-4DDE-B35F-5A4C0AF47405}.Debug|Any CPU.ActiveCfg = Debug|Any CPU
		{BBAC2073-7AE7-4DDE-B35F-5A4C0AF47405}.Debug|Any CPU.Build.0 = Debug|Any CPU
		{BBAC2073-7AE7-4DDE-B35F-5A4C0AF47405}.Debug|x64.ActiveCfg = Debug|x64
		{BBAC2073-7AE7-4DDE-B35F-5A4C0AF47405}.Debug|x64.Build.0 = Debug|x64
		{BBAC2073-7AE7-4DDE-B35F-5A4C0AF47405}.Debug|x86.ActiveCfg = Debug|x86
		{BBAC2073-7AE7-4DDE-B35F-5A4C0AF47405}.Debug|x86.Build.0 = Debug|x86
		{BBAC2073-7AE7-4DDE-B35F-5A4C0AF47405}.Release|Any CPU.ActiveCfg = Release|Any CPU
		{BBAC2073-7AE7-4DDE-B35F-5A4C0AF47405}.Release|Any CPU.Build.0 = Release|Any CPU
		{BBAC2073-7AE7-4DDE-B35F-5A4C0AF47405}.Release|x64.ActiveCfg = Release|x64
		{BBAC2073-7AE7-4DDE-B35F-5A4C0AF47405}.Release|x64.Build.0 = Release|x64
		{BBAC2073-7AE7-4DDE-B35F-5A4C0AF47405}.Release|x86.ActiveCfg = Release|x86
		{BBAC2073-7AE7-4DDE-B35F-5A4C0AF47405}.Release|x86.Build.0 = Release|x86
		{57B78EF3-D761-4D05-BE3D-8D039940CFED}.Debug|Any CPU.ActiveCfg = Debug|Any CPU
		{57B78EF3-D761-4D05-BE3D-8D039940CFED}.Debug|Any CPU.Build.0 = Debug|Any CPU
		{57B78EF3-D761-4D05-BE3D-8D039940CFED}.Debug|x64.ActiveCfg = Debug|x64
		{57B78EF3-D761-4D05-BE3D-8D039940CFED}.Debug|x64.Build.0 = Debug|x64
		{57B78EF3-D761-4D05-BE3D-8D039940CFED}.Debug|x86.ActiveCfg = Debug|x86
		{57B78EF3-D761-4D05-BE3D-8D039940CFED}.Debug|x86.Build.0 = Debug|x86
		{57B78EF3-D761-4D05-BE3D-8D039940CFED}.Release|Any CPU.ActiveCfg = Release|Any CPU
		{57B78EF3-D761-4D05-BE3D-8D039940CFED}.Release|Any CPU.Build.0 = Release|Any CPU
		{57B78EF3-D761-4D05-BE3D-8D039940CFED}.Release|x64.ActiveCfg = Release|x64
		{57B78EF3-D761-4D05-BE3D-8D039940CFED}.Release|x64.Build.0 = Release|x64
		{57B78EF3-D761-4D05-BE3D-8D039940CFED}.Release|x86.ActiveCfg = Release|x86
		{57B78EF3-D761-4D05-BE3D-8D039940CFED}.Release|x86.Build.0 = Release|x86
		{62B5DC43-F59A-46C8-B46F-578C4BA6261D}.Debug|Any CPU.ActiveCfg = Debug|Any CPU
		{62B5DC43-F59A-46C8-B46F-578C4BA6261D}.Debug|Any CPU.Build.0 = Debug|Any CPU
		{62B5DC43-F59A-46C8-B46F-578C4BA6261D}.Debug|x64.ActiveCfg = Debug|x64
		{62B5DC43-F59A-46C8-B46F-578C4BA6261D}.Debug|x64.Build.0 = Debug|x64
		{62B5DC43-F59A-46C8-B46F-578C4BA6261D}.Debug|x86.ActiveCfg = Debug|x86
		{62B5DC43-F59A-46C8-B46F-578C4BA6261D}.Debug|x86.Build.0 = Debug|x86
		{62B5DC43-F59A-46C8-B46F-578C4BA6261D}.Release|Any CPU.ActiveCfg = Release|Any CPU
		{62B5DC43-F59A-46C8-B46F-578C4BA6261D}.Release|Any CPU.Build.0 = Release|Any CPU
		{62B5DC43-F59A-46C8-B46F-578C4BA6261D}.Release|x64.ActiveCfg = Release|x64
		{62B5DC43-F59A-46C8-B46F-578C4BA6261D}.Release|x64.Build.0 = Release|x64
		{62B5DC43-F59A-46C8-B46F-578C4BA6261D}.Release|x86.ActiveCfg = Release|x86
		{62B5DC43-F59A-46C8-B46F-578C4BA6261D}.Release|x86.Build.0 = Release|x86
		{C0A8CCF9-0CFD-4852-A75B-849BDA0EB327}.Debug|Any CPU.ActiveCfg = Debug|Any CPU
		{C0A8CCF9-0CFD-4852-A75B-849BDA0EB327}.Debug|Any CPU.Build.0 = Debug|Any CPU
		{C0A8CCF9-0CFD-4852-A75B-849BDA0EB327}.Debug|x64.ActiveCfg = Debug|x64
		{C0A8CCF9-0CFD-4852-A75B-849BDA0EB327}.Debug|x64.Build.0 = Debug|x64
		{C0A8CCF9-0CFD-4852-A75B-849BDA0EB327}.Debug|x86.ActiveCfg = Debug|x86
		{C0A8CCF9-0CFD-4852-A75B-849BDA0EB327}.Debug|x86.Build.0 = Debug|x86
		{C0A8CCF9-0CFD-4852-A75B-849BDA0EB327}.Release|Any CPU.ActiveCfg = Release|Any CPU
		{C0A8CCF9-0CFD-4852-A75B-849BDA0EB327}.Release|Any CPU.Build.0 = Release|Any CPU
		{C0A8CCF9-0CFD-4852-A75B-849BDA0EB327}.Release|x64.ActiveCfg = Release|x64
		{C0A8CCF9-0CFD-4852-A75B-849BDA0EB327}.Release|x64.Build.0 = Release|x64
		{C0A8CCF9-0CFD-4852-A75B-849BDA0EB327}.Release|x86.ActiveCfg = Release|x86
		{C0A8CCF9-0CFD-4852-A75B-849BDA0EB327}.Release|x86.Build.0 = Release|x86
		{F89B88DC-A6DC-49F0-8ECB-8D3B4C44841C}.Debug|Any CPU.ActiveCfg = Debug|Any CPU
		{F89B88DC-A6DC-49F0-8ECB-8D3B4C44841C}.Debug|Any CPU.Build.0 = Debug|Any CPU
		{F89B88DC-A6DC-49F0-8ECB-8D3B4C44841C}.Debug|x64.ActiveCfg = Debug|x64
		{F89B88DC-A6DC-49F0-8ECB-8D3B4C44841C}.Debug|x64.Build.0 = Debug|x64
		{F89B88DC-A6DC-49F0-8ECB-8D3B4C44841C}.Debug|x86.ActiveCfg = Debug|x86
		{F89B88DC-A6DC-49F0-8ECB-8D3B4C44841C}.Debug|x86.Build.0 = Debug|x86
		{F89B88DC-A6DC-49F0-8ECB-8D3B4C44841C}.Release|Any CPU.ActiveCfg = Release|Any CPU
		{F89B88DC-A6DC-49F0-8ECB-8D3B4C44841C}.Release|Any CPU.Build.0 = Release|Any CPU
		{F89B88DC-A6DC-49F0-8ECB-8D3B4C44841C}.Release|x64.ActiveCfg = Release|x64
		{F89B88DC-A6DC-49F0-8ECB-8D3B4C44841C}.Release|x64.Build.0 = Release|x64
		{F89B88DC-A6DC-49F0-8ECB-8D3B4C44841C}.Release|x86.ActiveCfg = Release|x86
		{F89B88DC-A6DC-49F0-8ECB-8D3B4C44841C}.Release|x86.Build.0 = Release|x86
		{E60FE477-CB94-4A31-BCFC-7F5D5408B97C}.Debug|Any CPU.ActiveCfg = Debug|Any CPU
		{E60FE477-CB94-4A31-BCFC-7F5D5408B97C}.Debug|Any CPU.Build.0 = Debug|Any CPU
		{E60FE477-CB94-4A31-BCFC-7F5D5408B97C}.Debug|x64.ActiveCfg = Debug|x64
		{E60FE477-CB94-4A31-BCFC-7F5D5408B97C}.Debug|x64.Build.0 = Debug|x64
		{E60FE477-CB94-4A31-BCFC-7F5D5408B97C}.Debug|x86.ActiveCfg = Debug|x86
		{E60FE477-CB94-4A31-BCFC-7F5D5408B97C}.Debug|x86.Build.0 = Debug|x86
		{E60FE477-CB94-4A31-BCFC-7F5D5408B97C}.Release|Any CPU.ActiveCfg = Release|Any CPU
		{E60FE477-CB94-4A31-BCFC-7F5D5408B97C}.Release|Any CPU.Build.0 = Release|Any CPU
		{E60FE477-CB94-4A31-BCFC-7F5D5408B97C}.Release|x64.ActiveCfg = Release|x64
		{E60FE477-CB94-4A31-BCFC-7F5D5408B97C}.Release|x64.Build.0 = Release|x64
		{E60FE477-CB94-4A31-BCFC-7F5D5408B97C}.Release|x86.ActiveCfg = Release|x86
		{E60FE477-CB94-4A31-BCFC-7F5D5408B97C}.Release|x86.Build.0 = Release|x86
		{8232D1C9-767F-4100-9408-7A5A83644457}.Debug|Any CPU.ActiveCfg = Debug|Any CPU
		{8232D1C9-767F-4100-9408-7A5A83644457}.Debug|Any CPU.Build.0 = Debug|Any CPU
		{8232D1C9-767F-4100-9408-7A5A83644457}.Debug|x64.ActiveCfg = Debug|x64
		{8232D1C9-767F-4100-9408-7A5A83644457}.Debug|x64.Build.0 = Debug|x64
		{8232D1C9-767F-4100-9408-7A5A83644457}.Debug|x86.ActiveCfg = Debug|x86
		{8232D1C9-767F-4100-9408-7A5A83644457}.Debug|x86.Build.0 = Debug|x86
		{8232D1C9-767F-4100-9408-7A5A83644457}.Release|Any CPU.ActiveCfg = Release|Any CPU
		{8232D1C9-767F-4100-9408-7A5A83644457}.Release|Any CPU.Build.0 = Release|Any CPU
		{8232D1C9-767F-4100-9408-7A5A83644457}.Release|x64.ActiveCfg = Release|x64
		{8232D1C9-767F-4100-9408-7A5A83644457}.Release|x64.Build.0 = Release|x64
		{8232D1C9-767F-4100-9408-7A5A83644457}.Release|x86.ActiveCfg = Release|x86
		{8232D1C9-767F-4100-9408-7A5A83644457}.Release|x86.Build.0 = Release|x86
		{21407F30-63BF-4267-A6A4-0F32631B9671}.Debug|Any CPU.ActiveCfg = Debug|Any CPU
		{21407F30-63BF-4267-A6A4-0F32631B9671}.Debug|Any CPU.Build.0 = Debug|Any CPU
		{21407F30-63BF-4267-A6A4-0F32631B9671}.Debug|x64.ActiveCfg = Debug|x64
		{21407F30-63BF-4267-A6A4-0F32631B9671}.Debug|x64.Build.0 = Debug|x64
		{21407F30-63BF-4267-A6A4-0F32631B9671}.Debug|x86.ActiveCfg = Debug|x86
		{21407F30-63BF-4267-A6A4-0F32631B9671}.Debug|x86.Build.0 = Debug|x86
		{21407F30-63BF-4267-A6A4-0F32631B9671}.Release|Any CPU.ActiveCfg = Release|Any CPU
		{21407F30-63BF-4267-A6A4-0F32631B9671}.Release|Any CPU.Build.0 = Release|Any CPU
		{21407F30-63BF-4267-A6A4-0F32631B9671}.Release|x64.ActiveCfg = Release|x64
		{21407F30-63BF-4267-A6A4-0F32631B9671}.Release|x64.Build.0 = Release|x64
		{21407F30-63BF-4267-A6A4-0F32631B9671}.Release|x86.ActiveCfg = Release|x86
		{21407F30-63BF-4267-A6A4-0F32631B9671}.Release|x86.Build.0 = Release|x86
		{AA7EDBE2-52CC-4D91-A118-A8EEB8D4F38C}.Debug|Any CPU.ActiveCfg = Debug|Any CPU
		{AA7EDBE2-52CC-4D91-A118-A8EEB8D4F38C}.Debug|Any CPU.Build.0 = Debug|Any CPU
		{AA7EDBE2-52CC-4D91-A118-A8EEB8D4F38C}.Debug|x64.ActiveCfg = Debug|x64
		{AA7EDBE2-52CC-4D91-A118-A8EEB8D4F38C}.Debug|x64.Build.0 = Debug|x64
		{AA7EDBE2-52CC-4D91-A118-A8EEB8D4F38C}.Debug|x86.ActiveCfg = Debug|x86
		{AA7EDBE2-52CC-4D91-A118-A8EEB8D4F38C}.Debug|x86.Build.0 = Debug|x86
		{AA7EDBE2-52CC-4D91-A118-A8EEB8D4F38C}.Release|Any CPU.ActiveCfg = Release|Any CPU
		{AA7EDBE2-52CC-4D91-A118-A8EEB8D4F38C}.Release|Any CPU.Build.0 = Release|Any CPU
		{AA7EDBE2-52CC-4D91-A118-A8EEB8D4F38C}.Release|x64.ActiveCfg = Release|x64
		{AA7EDBE2-52CC-4D91-A118-A8EEB8D4F38C}.Release|x64.Build.0 = Release|x64
		{AA7EDBE2-52CC-4D91-A118-A8EEB8D4F38C}.Release|x86.ActiveCfg = Release|x86
		{AA7EDBE2-52CC-4D91-A118-A8EEB8D4F38C}.Release|x86.Build.0 = Release|x86
		{488A7482-EF10-48A2-B9C2-EE0D106F77C0}.Debug|Any CPU.ActiveCfg = Debug|Any CPU
		{488A7482-EF10-48A2-B9C2-EE0D106F77C0}.Debug|Any CPU.Build.0 = Debug|Any CPU
		{488A7482-EF10-48A2-B9C2-EE0D106F77C0}.Debug|x64.ActiveCfg = Debug|x64
		{488A7482-EF10-48A2-B9C2-EE0D106F77C0}.Debug|x64.Build.0 = Debug|x64
		{488A7482-EF10-48A2-B9C2-EE0D106F77C0}.Debug|x86.ActiveCfg = Debug|x86
		{488A7482-EF10-48A2-B9C2-EE0D106F77C0}.Debug|x86.Build.0 = Debug|x86
		{488A7482-EF10-48A2-B9C2-EE0D106F77C0}.Release|Any CPU.ActiveCfg = Release|Any CPU
		{488A7482-EF10-48A2-B9C2-EE0D106F77C0}.Release|Any CPU.Build.0 = Release|Any CPU
		{488A7482-EF10-48A2-B9C2-EE0D106F77C0}.Release|x64.ActiveCfg = Release|x64
		{488A7482-EF10-48A2-B9C2-EE0D106F77C0}.Release|x64.Build.0 = Release|x64
		{488A7482-EF10-48A2-B9C2-EE0D106F77C0}.Release|x86.ActiveCfg = Release|x86
		{488A7482-EF10-48A2-B9C2-EE0D106F77C0}.Release|x86.Build.0 = Release|x86
		{2B67FB54-85E1-40E7-814D-F0528AB6F9B4}.Debug|Any CPU.ActiveCfg = Debug|Any CPU
		{2B67FB54-85E1-40E7-814D-F0528AB6F9B4}.Debug|Any CPU.Build.0 = Debug|Any CPU
		{2B67FB54-85E1-40E7-814D-F0528AB6F9B4}.Debug|x64.ActiveCfg = Debug|x64
		{2B67FB54-85E1-40E7-814D-F0528AB6F9B4}.Debug|x64.Build.0 = Debug|x64
		{2B67FB54-85E1-40E7-814D-F0528AB6F9B4}.Debug|x86.ActiveCfg = Debug|x86
		{2B67FB54-85E1-40E7-814D-F0528AB6F9B4}.Debug|x86.Build.0 = Debug|x86
		{2B67FB54-85E1-40E7-814D-F0528AB6F9B4}.Release|Any CPU.ActiveCfg = Release|Any CPU
		{2B67FB54-85E1-40E7-814D-F0528AB6F9B4}.Release|Any CPU.Build.0 = Release|Any CPU
		{2B67FB54-85E1-40E7-814D-F0528AB6F9B4}.Release|x64.ActiveCfg = Release|x64
		{2B67FB54-85E1-40E7-814D-F0528AB6F9B4}.Release|x64.Build.0 = Release|x64
		{2B67FB54-85E1-40E7-814D-F0528AB6F9B4}.Release|x86.ActiveCfg = Release|x86
		{2B67FB54-85E1-40E7-814D-F0528AB6F9B4}.Release|x86.Build.0 = Release|x86
		{1D8A923A-EABC-47C2-9DF8-C10D0B99377E}.Debug|Any CPU.ActiveCfg = Debug|Any CPU
		{1D8A923A-EABC-47C2-9DF8-C10D0B99377E}.Debug|Any CPU.Build.0 = Debug|Any CPU
		{1D8A923A-EABC-47C2-9DF8-C10D0B99377E}.Debug|x64.ActiveCfg = Debug|x64
		{1D8A923A-EABC-47C2-9DF8-C10D0B99377E}.Debug|x64.Build.0 = Debug|x64
		{1D8A923A-EABC-47C2-9DF8-C10D0B99377E}.Debug|x86.ActiveCfg = Debug|x86
		{1D8A923A-EABC-47C2-9DF8-C10D0B99377E}.Debug|x86.Build.0 = Debug|x86
		{1D8A923A-EABC-47C2-9DF8-C10D0B99377E}.Release|Any CPU.ActiveCfg = Release|Any CPU
		{1D8A923A-EABC-47C2-9DF8-C10D0B99377E}.Release|Any CPU.Build.0 = Release|Any CPU
		{1D8A923A-EABC-47C2-9DF8-C10D0B99377E}.Release|x64.ActiveCfg = Release|x64
		{1D8A923A-EABC-47C2-9DF8-C10D0B99377E}.Release|x64.Build.0 = Release|x64
		{1D8A923A-EABC-47C2-9DF8-C10D0B99377E}.Release|x86.ActiveCfg = Release|x86
		{1D8A923A-EABC-47C2-9DF8-C10D0B99377E}.Release|x86.Build.0 = Release|x86
		{BAFDA1C5-8749-4937-9FF3-F545DBCC611A}.Debug|Any CPU.ActiveCfg = Debug|Any CPU
		{BAFDA1C5-8749-4937-9FF3-F545DBCC611A}.Debug|Any CPU.Build.0 = Debug|Any CPU
		{BAFDA1C5-8749-4937-9FF3-F545DBCC611A}.Debug|x64.ActiveCfg = Debug|Any CPU
		{BAFDA1C5-8749-4937-9FF3-F545DBCC611A}.Debug|x64.Build.0 = Debug|Any CPU
		{BAFDA1C5-8749-4937-9FF3-F545DBCC611A}.Debug|x86.ActiveCfg = Debug|Any CPU
		{BAFDA1C5-8749-4937-9FF3-F545DBCC611A}.Debug|x86.Build.0 = Debug|Any CPU
		{BAFDA1C5-8749-4937-9FF3-F545DBCC611A}.Release|Any CPU.ActiveCfg = Release|Any CPU
		{BAFDA1C5-8749-4937-9FF3-F545DBCC611A}.Release|Any CPU.Build.0 = Release|Any CPU
		{BAFDA1C5-8749-4937-9FF3-F545DBCC611A}.Release|x64.ActiveCfg = Release|Any CPU
		{BAFDA1C5-8749-4937-9FF3-F545DBCC611A}.Release|x64.Build.0 = Release|Any CPU
		{BAFDA1C5-8749-4937-9FF3-F545DBCC611A}.Release|x86.ActiveCfg = Release|Any CPU
		{BAFDA1C5-8749-4937-9FF3-F545DBCC611A}.Release|x86.Build.0 = Release|Any CPU
		{726D45ED-64AA-4551-AB80-71FDE32365B9}.Debug|Any CPU.ActiveCfg = Debug|Any CPU
		{726D45ED-64AA-4551-AB80-71FDE32365B9}.Debug|Any CPU.Build.0 = Debug|Any CPU
		{726D45ED-64AA-4551-AB80-71FDE32365B9}.Debug|x64.ActiveCfg = Debug|Any CPU
		{726D45ED-64AA-4551-AB80-71FDE32365B9}.Debug|x64.Build.0 = Debug|Any CPU
		{726D45ED-64AA-4551-AB80-71FDE32365B9}.Debug|x86.ActiveCfg = Debug|Any CPU
		{726D45ED-64AA-4551-AB80-71FDE32365B9}.Debug|x86.Build.0 = Debug|Any CPU
		{726D45ED-64AA-4551-AB80-71FDE32365B9}.Release|Any CPU.ActiveCfg = Release|Any CPU
		{726D45ED-64AA-4551-AB80-71FDE32365B9}.Release|Any CPU.Build.0 = Release|Any CPU
		{726D45ED-64AA-4551-AB80-71FDE32365B9}.Release|x64.ActiveCfg = Release|Any CPU
		{726D45ED-64AA-4551-AB80-71FDE32365B9}.Release|x64.Build.0 = Release|Any CPU
		{726D45ED-64AA-4551-AB80-71FDE32365B9}.Release|x86.ActiveCfg = Release|Any CPU
		{726D45ED-64AA-4551-AB80-71FDE32365B9}.Release|x86.Build.0 = Release|Any CPU
		{6F39631F-A3BA-4301-9B5F-B3707B64A707}.Debug|Any CPU.ActiveCfg = Debug|Any CPU
		{6F39631F-A3BA-4301-9B5F-B3707B64A707}.Debug|Any CPU.Build.0 = Debug|Any CPU
		{6F39631F-A3BA-4301-9B5F-B3707B64A707}.Debug|x64.ActiveCfg = Debug|Any CPU
		{6F39631F-A3BA-4301-9B5F-B3707B64A707}.Debug|x64.Build.0 = Debug|Any CPU
		{6F39631F-A3BA-4301-9B5F-B3707B64A707}.Debug|x86.ActiveCfg = Debug|Any CPU
		{6F39631F-A3BA-4301-9B5F-B3707B64A707}.Debug|x86.Build.0 = Debug|Any CPU
		{6F39631F-A3BA-4301-9B5F-B3707B64A707}.Release|Any CPU.ActiveCfg = Release|Any CPU
		{6F39631F-A3BA-4301-9B5F-B3707B64A707}.Release|Any CPU.Build.0 = Release|Any CPU
		{6F39631F-A3BA-4301-9B5F-B3707B64A707}.Release|x64.ActiveCfg = Release|Any CPU
		{6F39631F-A3BA-4301-9B5F-B3707B64A707}.Release|x64.Build.0 = Release|Any CPU
		{6F39631F-A3BA-4301-9B5F-B3707B64A707}.Release|x86.ActiveCfg = Release|Any CPU
		{6F39631F-A3BA-4301-9B5F-B3707B64A707}.Release|x86.Build.0 = Release|Any CPU
		{0FFFC17C-E287-41E3-B546-8821B113B359}.Debug|Any CPU.ActiveCfg = Debug|Any CPU
		{0FFFC17C-E287-41E3-B546-8821B113B359}.Debug|Any CPU.Build.0 = Debug|Any CPU
		{0FFFC17C-E287-41E3-B546-8821B113B359}.Debug|x64.ActiveCfg = Debug|Any CPU
		{0FFFC17C-E287-41E3-B546-8821B113B359}.Debug|x64.Build.0 = Debug|Any CPU
		{0FFFC17C-E287-41E3-B546-8821B113B359}.Debug|x86.ActiveCfg = Debug|Any CPU
		{0FFFC17C-E287-41E3-B546-8821B113B359}.Debug|x86.Build.0 = Debug|Any CPU
		{0FFFC17C-E287-41E3-B546-8821B113B359}.Release|Any CPU.ActiveCfg = Release|Any CPU
		{0FFFC17C-E287-41E3-B546-8821B113B359}.Release|Any CPU.Build.0 = Release|Any CPU
		{0FFFC17C-E287-41E3-B546-8821B113B359}.Release|x64.ActiveCfg = Release|Any CPU
		{0FFFC17C-E287-41E3-B546-8821B113B359}.Release|x64.Build.0 = Release|Any CPU
		{0FFFC17C-E287-41E3-B546-8821B113B359}.Release|x86.ActiveCfg = Release|Any CPU
		{0FFFC17C-E287-41E3-B546-8821B113B359}.Release|x86.Build.0 = Release|Any CPU
		{E5FA0EA0-866F-48CF-A28A-8D34F2D61946}.Debug|Any CPU.ActiveCfg = Debug|Any CPU
		{E5FA0EA0-866F-48CF-A28A-8D34F2D61946}.Debug|Any CPU.Build.0 = Debug|Any CPU
		{E5FA0EA0-866F-48CF-A28A-8D34F2D61946}.Debug|x64.ActiveCfg = Debug|Any CPU
		{E5FA0EA0-866F-48CF-A28A-8D34F2D61946}.Debug|x64.Build.0 = Debug|Any CPU
		{E5FA0EA0-866F-48CF-A28A-8D34F2D61946}.Debug|x86.ActiveCfg = Debug|Any CPU
		{E5FA0EA0-866F-48CF-A28A-8D34F2D61946}.Debug|x86.Build.0 = Debug|Any CPU
		{E5FA0EA0-866F-48CF-A28A-8D34F2D61946}.Release|Any CPU.ActiveCfg = Release|Any CPU
		{E5FA0EA0-866F-48CF-A28A-8D34F2D61946}.Release|Any CPU.Build.0 = Release|Any CPU
		{E5FA0EA0-866F-48CF-A28A-8D34F2D61946}.Release|x64.ActiveCfg = Release|Any CPU
		{E5FA0EA0-866F-48CF-A28A-8D34F2D61946}.Release|x64.Build.0 = Release|Any CPU
		{E5FA0EA0-866F-48CF-A28A-8D34F2D61946}.Release|x86.ActiveCfg = Release|Any CPU
		{E5FA0EA0-866F-48CF-A28A-8D34F2D61946}.Release|x86.Build.0 = Release|Any CPU
	EndGlobalSection
	GlobalSection(SolutionProperties) = preSolution
		HideSolutionNode = FALSE
	EndGlobalSection
	GlobalSection(NestedProjects) = preSolution
		{6BFC88EC-5629-4A97-AF8F-C68BCEBB7616} = {857A4C08-F106-4463-B59F-E39768A60B30}
		{8835C729-A63F-4704-9B5A-A5EEA70AC84A} = {857A4C08-F106-4463-B59F-E39768A60B30}
		{F13C1744-F04A-430A-971D-8C7075C31505} = {857A4C08-F106-4463-B59F-E39768A60B30}
		{62B6C2C0-81D8-4C35-8677-D116EFD43508} = {854D9EF2-1B93-4DE4-9368-CCB4FE907370}
		{32366E6B-0C96-478D-BDD1-9198590AE4AF} = {854D9EF2-1B93-4DE4-9368-CCB4FE907370}
		{70B376FF-27E2-480C-92F5-5E4184116D5C} = {5316759A-7D39-4BCB-9B31-6269B6F029A3}
		{F8EDF604-F93F-45F9-A2F9-581909AB3BB0} = {70B376FF-27E2-480C-92F5-5E4184116D5C}
		{E9753AA2-58E6-408C-BA36-0C8DE421E5AD} = {70B376FF-27E2-480C-92F5-5E4184116D5C}
		{D1F4CBE3-5739-4063-9E30-8A16AA36D46F} = {5316759A-7D39-4BCB-9B31-6269B6F029A3}
		{68DD12C8-D343-4ABF-942C-A6D7502422EB} = {D1F4CBE3-5739-4063-9E30-8A16AA36D46F}
		{E5793B7F-D26A-48D3-A672-2509932C975A} = {5316759A-7D39-4BCB-9B31-6269B6F029A3}
		{C8A55A03-5CE7-4BD7-A3AA-DD5B5029EB63} = {E5793B7F-D26A-48D3-A672-2509932C975A}
		{BBAC2073-7AE7-4DDE-B35F-5A4C0AF47405} = {E5793B7F-D26A-48D3-A672-2509932C975A}
		{FD873F89-91CB-49F4-9AA0-FFEEB906B858} = {5316759A-7D39-4BCB-9B31-6269B6F029A3}
		{57B78EF3-D761-4D05-BE3D-8D039940CFED} = {FD873F89-91CB-49F4-9AA0-FFEEB906B858}
		{62B5DC43-F59A-46C8-B46F-578C4BA6261D} = {FD873F89-91CB-49F4-9AA0-FFEEB906B858}
		{74576C77-003E-400C-AA66-6561C8D6F1C4} = {5316759A-7D39-4BCB-9B31-6269B6F029A3}
		{C0A8CCF9-0CFD-4852-A75B-849BDA0EB327} = {74576C77-003E-400C-AA66-6561C8D6F1C4}
		{F89B88DC-A6DC-49F0-8ECB-8D3B4C44841C} = {74576C77-003E-400C-AA66-6561C8D6F1C4}
		{E60FE477-CB94-4A31-BCFC-7F5D5408B97C} = {D1F4CBE3-5739-4063-9E30-8A16AA36D46F}
		{718B2119-5F60-4904-8BEC-0F82739093E6} = {5316759A-7D39-4BCB-9B31-6269B6F029A3}
		{8232D1C9-767F-4100-9408-7A5A83644457} = {718B2119-5F60-4904-8BEC-0F82739093E6}
		{21407F30-63BF-4267-A6A4-0F32631B9671} = {718B2119-5F60-4904-8BEC-0F82739093E6}
		{1BBCF04D-C8FD-4D8A-B57A-EC85C824F146} = {5316759A-7D39-4BCB-9B31-6269B6F029A3}
		{AA7EDBE2-52CC-4D91-A118-A8EEB8D4F38C} = {1BBCF04D-C8FD-4D8A-B57A-EC85C824F146}
		{488A7482-EF10-48A2-B9C2-EE0D106F77C0} = {1BBCF04D-C8FD-4D8A-B57A-EC85C824F146}
		{2B67FB54-85E1-40E7-814D-F0528AB6F9B4} = {854D9EF2-1B93-4DE4-9368-CCB4FE907370}
		{1D8A923A-EABC-47C2-9DF8-C10D0B99377E} = {854D9EF2-1B93-4DE4-9368-CCB4FE907370}
		{8F1BEA0C-1C6A-4A69-94BA-4B75974667F9} = {5316759A-7D39-4BCB-9B31-6269B6F029A3}
		{BAFDA1C5-8749-4937-9FF3-F545DBCC611A} = {8F1BEA0C-1C6A-4A69-94BA-4B75974667F9}
		{932AA648-32CF-4DFE-ADA1-A38EE13BBFC1} = {5316759A-7D39-4BCB-9B31-6269B6F029A3}
		{726D45ED-64AA-4551-AB80-71FDE32365B9} = {932AA648-32CF-4DFE-ADA1-A38EE13BBFC1}
		{6F39631F-A3BA-4301-9B5F-B3707B64A707} = {932AA648-32CF-4DFE-ADA1-A38EE13BBFC1}
		{AFCB9948-2B99-4D8E-91B7-FCCB11F856AF} = {5316759A-7D39-4BCB-9B31-6269B6F029A3}
		{0FFFC17C-E287-41E3-B546-8821B113B359} = {AFCB9948-2B99-4D8E-91B7-FCCB11F856AF}
		{E5FA0EA0-866F-48CF-A28A-8D34F2D61946} = {AFCB9948-2B99-4D8E-91B7-FCCB11F856AF}
	EndGlobalSection
	GlobalSection(ExtensibilityGlobals) = postSolution
		SolutionGuid = {39EB11C2-77C8-4907-8180-570175AE7A6B}
	EndGlobalSection
	GlobalSection(Performance) = preSolution
		HasPerformanceSessions = true
	EndGlobalSection
	GlobalSection(Performance) = preSolution
		HasPerformanceSessions = true
	EndGlobalSection
EndGlobal
